
Microsoft Visual Studio Solution File, Format Version 12.00
# Visual Studio Version 16
VisualStudioVersion = 16.0.29215.179
MinimumVisualStudioVersion = 10.0.40219.1
Project("{FAE04EC0-301F-11D3-BF4B-00C04F79EFBC}") = "CreditApp", "CreditApp\CreditApp.csproj", "{0AAD4933-043C-4976-811F-482F291EF8C9}"
EndProject
Global
	GlobalSection(SolutionConfigurationPlatforms) = preSolution
		Debug|Any CPU = Debug|Any CPU
		Release|Any CPU = Release|Any CPU
	EndGlobalSection
	GlobalSection(ProjectConfigurationPlatforms) = postSolution
		{0AAD4933-043C-4976-811F-482F291EF8C9}.Debug|Any CPU.ActiveCfg = Debug|Any CPU
		{0AAD4933-043C-4976-811F-482F291EF8C9}.Debug|Any CPU.Build.0 = Debug|Any CPU
		{0AAD4933-043C-4976-811F-482F291EF8C9}.Release|Any CPU.ActiveCfg = Release|Any CPU
		{0AAD4933-043C-4976-811F-482F291EF8C9}.Release|Any CPU.Build.0 = Release|Any CPU
	EndGlobalSection
	GlobalSection(SolutionProperties) = preSolution
		HideSolutionNode = FALSE
	EndGlobalSection
	GlobalSection(ExtensibilityGlobals) = postSolution
		SolutionGuid = {4F75BC0F-E5B6-412E-A9D8-52BAA8533C4A}
	EndGlobalSection
EndGlobal
